
Microsoft Visual Studio Solution File, Format Version 12.00
# Visual Studio Version 17
VisualStudioVersion = 17.5.002.0
MinimumVisualStudioVersion = 10.0.40219.1
Project("{9A19103F-16F7-4668-BE54-9A1E7A4F7556}") = "UeWeb", "UeWeb.csproj", "{BB6B818C-812D-4AB1-8714-0BDAD34586FB}"
EndProject
Global
	GlobalSection(SolutionConfigurationPlatforms) = preSolution
		Debug|Any CPU = Debug|Any CPU
		Release|Any CPU = Release|Any CPU
	EndGlobalSection
	GlobalSection(ProjectConfigurationPlatforms) = postSolution
		{BB6B818C-812D-4AB1-8714-0BDAD34586FB}.Debug|Any CPU.ActiveCfg = Debug|Any CPU
		{BB6B818C-812D-4AB1-8714-0BDAD34586FB}.Debug|Any CPU.Build.0 = Debug|Any CPU
		{BB6B818C-812D-4AB1-8714-0BDAD34586FB}.Release|Any CPU.ActiveCfg = Release|Any CPU
		{BB6B818C-812D-4AB1-8714-0BDAD34586FB}.Release|Any CPU.Build.0 = Release|Any CPU
	EndGlobalSection
	GlobalSection(SolutionProperties) = preSolution
		HideSolutionNode = FALSE
	EndGlobalSection
	GlobalSection(ExtensibilityGlobals) = postSolution
		SolutionGuid = {10ACE5A6-EC4A-49FC-9B92-3257EC0A7C88}
	EndGlobalSection
EndGlobal
